hash: 6ab31d0880e77c2051478c580cb42cb4e129d166ca8e25f32e7da38cd8fa5522
updated: 2018-04-23T21:59:57.885403489-04:00
imports:
- name: golang.org/x/tools
  version: 72b0e988ce6957db328582decda8829154c66545
  repo: https://github.com/prateek/tools.git
  vcs: git
  subpackages:
  - go/ast/astutil
  - go/buildutil
  - go/loader
  - go/types/typeutil
  - refactor/importgraph
  - refactor/rename
  - refactor/satisfy
testImports: []
